lockfileVersion: '9.0'

settings:
  autoInstallPeers: false
  excludeLinksFromLockfile: false

importers:

  .:
    devDependencies:
      '@types/node':
        specifier: 22.15.3
        version: 22.15.3
      turbo:
        specifier: 2.10.4
        version: 2.10.4
      typescript:
        specifier: 5.8.3
        version: 5.8.3

  apps/dashboard: {}

  packages/cli:
    dependencies:
      '@beacon/core':
        specifier: workspace:*
        version: link:../core
      '@beacon/runtime':
        specifier: workspace:*
        version: link:../runtime

  packages/core: {}

  packages/runtime:
    dependencies:
      '@beacon/core':
        specifier: workspace:*
        version: link:../core
      '@beacon/dashboard':
        specifier: workspace:*
        version: link:../../apps/dashboard

packages:

  '@turbo/darwin-64@2.10.4':
    resolution: {integrity: sha512-m1MUEI4MJ69r5CwfMYxmHi0H0rrgiYCBOp0tgBZ9x/YVvOb5uu/lRIDyDwdtH054R2yWeQaIigUGu6aCX9f8cA==}
    cpu: [x64]
    os: [darwin]

  '@turbo/darwin-arm64@2.10.4':
    resolution: {integrity: sha512-VQ1Yxs5zkPT+2z7t1P4mvn6JmcKLkOCAsPuK9XbOvuVj0DlTlETfIXNisX0771v/vTWHOQqiwoGi+TtAUq8efw==}
    cpu: [arm64]
    os: [darwin]

  '@turbo/linux-64@2.10.4':
    resolution: {integrity: sha512-IzV1QovmwX7mfGnVinmE++2IB8tbeo38weltiuH5zNqwCTBjLs/DytyRKx+bmnhHdXIq9SheR8p0Nip/LBUPHg==}
    cpu: [x64]
    os: [linux]

  '@turbo/linux-arm64@2.10.4':
    resolution: {integrity: sha512-rfujSQkP5aYiRn0PgTM7F00WkJCP/bKDVZbOx3WmrZwa/vHA0bplhCl328kpX7VI9HH2vI90ISGwuSVgJgoqTw==}
    cpu: [arm64]
    os: [linux]

  '@turbo/windows-64@2.10.4':
    resolution: {integrity: sha512-NnspP7Wd5fa3Wwnqv9bKfhegqZzuHBgbPxdZU/idTLQcazx/vgKu95JlCx2YHY0hdvKCnPcARrDwM+KEUmaO7A==}
    cpu: [x64]
    os: [win32]

  '@turbo/windows-arm64@2.10.4':
    resolution: {integrity: sha512-Iv02YgOpaEShc2OkG7mgCJ2pEw1RUKiKbs0h8W5wAf4jZ5vpmraTEjuGTgHRuOORQnC1GN3KHo5WB+hu1abRMA==}
    cpu: [arm64]
    os: [win32]

  '@types/node@22.15.3':
    resolution: {integrity: sha512-lX7HFZeHf4QG/J7tBZqrCAXwz9J5RD56Y6MpP0eJkka8p+K0RY/yBTW7CYFJ4VGCclxqOLKmiGP5juQc6MKgcw==}

  turbo@2.10.4:
    resolution: {integrity: sha512-GQpduILaKjoaGljw097ScsSyKTtZSY7cZ3bJktzfTkPMyCf3ShKLuXK2IaOEN2Plziml+ArR7WJ1m+V4VbnaKQ==}
    hasBin: true

  typescript@5.8.3:
    resolution: {integrity: sha512-p1diW6TqL9L07nNxvRMM7hMMw4c5XOo/1ibL4aAIGmSAt9slTE1Xgw5KWuof2uTOvCg9BY7ZRi+GaF+7sfgPeQ==}
    engines: {node: '>=14.17'}
    hasBin: true

  undici-types@6.21.0:
    resolution: {integrity: sha512-iwDZqg0QAGrg9Rav5H4n0M64c3mkR59cJ6wQp+7C4nI0gsmExaedaYLNO44eT4AtBBwjbTiGPMlt2Md0T9H9JQ==}

snapshots:

  '@turbo/darwin-64@2.10.4':
    optional: true

  '@turbo/darwin-arm64@2.10.4':
    optional: true

  '@turbo/linux-64@2.10.4':
    optional: true

  '@turbo/linux-arm64@2.10.4':
    optional: true

  '@turbo/windows-64@2.10.4':
    optional: true

  '@turbo/windows-arm64@2.10.4':
    optional: true

  '@types/node@22.15.3':
    dependencies:
      undici-types: 6.21.0

  turbo@2.10.4:
    optionalDependencies:
      '@turbo/darwin-64': 2.10.4
      '@turbo/darwin-arm64': 2.10.4
      '@turbo/linux-64': 2.10.4
      '@turbo/linux-arm64': 2.10.4
      '@turbo/windows-64': 2.10.4
      '@turbo/windows-arm64': 2.10.4

  typescript@5.8.3: {}

  undici-types@6.21.0: {}
